
Microsoft Visual Studio Solution File, Format Version 12.00
# Visual Studio Version 17
VisualStudioVersion = 17.11.35208.52
MinimumVisualStudioVersion = 10.0.40219.1
Project("{FAE04EC0-301F-11D3-BF4B-00C04F79EFBC}") = "Backend", "Backend\Backend.csproj", "{B823F448-12EE-4AF0-85FE-11B111755EF5}"
EndProject
Global
	GlobalSection(SolutionConfigurationPlatforms) = preSolution
		Debug|Any CPU = Debug|Any CPU
		Release|Any CPU = Release|Any CPU
	EndGlobalSection
	GlobalSection(ProjectConfigurationPlatforms) = postSolution
		{B823F448-12EE-4AF0-85FE-11B111755EF5}.Debug|Any CPU.ActiveCfg = Debug|Any CPU
		{B823F448-12EE-4AF0-85FE-11B111755EF5}.Debug|Any CPU.Build.0 = Debug|Any CPU
		{B823F448-12EE-4AF0-85FE-11B111755EF5}.Release|Any CPU.ActiveCfg = Release|Any CPU
		{B823F448-12EE-4AF0-85FE-11B111755EF5}.Release|Any CPU.Build.0 = Release|Any CPU
	EndGlobalSection
	GlobalSection(SolutionProperties) = preSolution
		HideSolutionNode = FALSE
	EndGlobalSection
	GlobalSection(ExtensibilityGlobals) = postSolution
		SolutionGuid = {FFA94F28-E61F-40A3-A30A-7D7A60D794B6}
	EndGlobalSection
EndGlobal
